
Microsoft Visual Studio Solution File, Format Version 12.00
# Visual Studio Version 16
VisualStudioVersion = 16.0.31613.86
MinimumVisualStudioVersion = 10.0.40219.1
Project("{FAE04EC0-301F-11D3-BF4B-00C04F79EFBC}") = "Week_10_Homework", "Week_10_Homework\Week_10_Homework.csproj", "{102478E0-21B2-4F54-87F8-FC5822B0EA1C}"
EndProject
Global
	GlobalSection(SolutionConfigurationPlatforms) = preSolution
		Debug|Any CPU = Debug|Any CPU
		Release|Any CPU = Release|Any CPU
	EndGlobalSection
	GlobalSection(ProjectConfigurationPlatforms) = postSolution
		{102478E0-21B2-4F54-87F8-FC5822B0EA1C}.Debug|Any CPU.ActiveCfg = Debug|Any CPU
		{102478E0-21B2-4F54-87F8-FC5822B0EA1C}.Debug|Any CPU.Build.0 = Debug|Any CPU
		{102478E0-21B2-4F54-87F8-FC5822B0EA1C}.Release|Any CPU.ActiveCfg = Release|Any CPU
		{102478E0-21B2-4F54-87F8-FC5822B0EA1C}.Release|Any CPU.Build.0 = Release|Any CPU
	EndGlobalSection
	GlobalSection(SolutionProperties) = preSolution
		HideSolutionNode = FALSE
	EndGlobalSection
	GlobalSection(ExtensibilityGlobals) = postSolution
		SolutionGuid = {27354F35-FCF0-4295-8641-F45E794BFA1A}
	EndGlobalSection
EndGlobal
